
Microsoft Visual Studio Solution File, Format Version 12.00
# Visual Studio Version 17
VisualStudioVersion = 17.7.34031.279
MinimumVisualStudioVersion = 10.0.40219.1
Project("{FAE04EC0-301F-11D3-BF4B-00C04F79EFBC}") = "Ejercicio9hoja4", "Ejercicio9hoja4.csproj", "{399C245E-1EC8-4ADB-8591-281034C3E93B}"
EndProject
Global
	GlobalSection(SolutionConfigurationPlatforms) = preSolution
		Debug|Any CPU = Debug|Any CPU
		Release|Any CPU = Release|Any CPU
	EndGlobalSection
	GlobalSection(ProjectConfigurationPlatforms) = postSolution
		{399C245E-1EC8-4ADB-8591-281034C3E93B}.Debug|Any CPU.ActiveCfg = Debug|Any CPU
		{399C245E-1EC8-4ADB-8591-281034C3E93B}.Debug|Any CPU.Build.0 = Debug|Any CPU
		{399C245E-1EC8-4ADB-8591-281034C3E93B}.Release|Any CPU.ActiveCfg = Release|Any CPU
		{399C245E-1EC8-4ADB-8591-281034C3E93B}.Release|Any CPU.Build.0 = Release|Any CPU
	EndGlobalSection
	GlobalSection(SolutionProperties) = preSolution
		HideSolutionNode = FALSE
	EndGlobalSection
	GlobalSection(ExtensibilityGlobals) = postSolution
		SolutionGuid = {AF62169F-BB8F-4905-BD75-F8A02224CCFB}
	EndGlobalSection
EndGlobal
